
Microsoft Visual Studio Solution File, Format Version 12.00
# Visual Studio Version 16
VisualStudioVersion = 16.0.30114.105
MinimumVisualStudioVersion = 10.0.40219.1
Project("{FAE04EC0-301F-11D3-BF4B-00C04F79EFBC}") = "UsingDemo", "UsingDemo\UsingDemo.csproj", "{2E303E9D-D2CB-4FBD-89F7-146E62BE818D}"
EndProject
Project("{FAE04EC0-301F-11D3-BF4B-00C04F79EFBC}") = "UsingDemo.Tests", "UsingDemo.Tests\UsingDemo.Tests.csproj", "{96FA0738-3877-47DD-A411-3C60B738C9DB}"
EndProject
Global
	GlobalSection(SolutionConfigurationPlatforms) = preSolution
		Debug|Any CPU = Debug|Any CPU
		Release|Any CPU = Release|Any CPU
	EndGlobalSection
	GlobalSection(SolutionProperties) = preSolution
		HideSolutionNode = FALSE
	EndGlobalSection
	GlobalSection(ProjectConfigurationPlatforms) = postSolution
		{2E303E9D-D2CB-4FBD-89F7-146E62BE818D}.Debug|Any CPU.ActiveCfg = Debug|Any CPU
		{2E303E9D-D2CB-4FBD-89F7-146E62BE818D}.Debug|Any CPU.Build.0 = Debug|Any CPU
		{2E303E9D-D2CB-4FBD-89F7-146E62BE818D}.Release|Any CPU.ActiveCfg = Release|Any CPU
		{2E303E9D-D2CB-4FBD-89F7-146E62BE818D}.Release|Any CPU.Build.0 = Release|Any CPU
		{96FA0738-3877-47DD-A411-3C60B738C9DB}.Debug|Any CPU.ActiveCfg = Debug|Any CPU
		{96FA0738-3877-47DD-A411-3C60B738C9DB}.Debug|Any CPU.Build.0 = Debug|Any CPU
		{96FA0738-3877-47DD-A411-3C60B738C9DB}.Release|Any CPU.ActiveCfg = Release|Any CPU
		{96FA0738-3877-47DD-A411-3C60B738C9DB}.Release|Any CPU.Build.0 = Release|Any CPU
	EndGlobalSection
EndGlobal
